
Microsoft Visual Studio Solution File, Format Version 12.00
# Visual Studio Version 16
VisualStudioVersion = 16.0.29926.136
MinimumVisualStudioVersion = 10.0.40219.1
Project("{FAE04EC0-301F-11D3-BF4B-00C04F79EFBC}") = "PopulationControl", "PopulationControl.csproj", "{5E437BD6-9A86-4C6F-981A-A02F568511A5}"
EndProject
Global
	GlobalSection(SolutionConfigurationPlatforms) = preSolution
		Debug|x64 = Debug|x64
		Release|x64 = Release|x64
	EndGlobalSection
	GlobalSection(ProjectConfigurationPlatforms) = postSolution
		{5E437BD6-9A86-4C6F-981A-A02F568511A5}.Debug|x64.ActiveCfg = Debug|x64
		{5E437BD6-9A86-4C6F-981A-A02F568511A5}.Debug|x64.Build.0 = Debug|x64
		{5E437BD6-9A86-4C6F-981A-A02F568511A5}.Release|x64.ActiveCfg = Release|x64
		{5E437BD6-9A86-4C6F-981A-A02F568511A5}.Release|x64.Build.0 = Release|x64
	EndGlobalSection
	GlobalSection(SolutionProperties) = preSolution
		HideSolutionNode = FALSE
	EndGlobalSection
	GlobalSection(ExtensibilityGlobals) = postSolution
		SolutionGuid = {D8738C3F-18DE-4A01-9E8F-81C5F0364136}
	EndGlobalSection
EndGlobal
